{
    "_readme": [
        "This file locks the dependencies of your project to a known state",
        "Read more about it at https://getcomposer.org/doc/01-basic-usage.md#installing-dependencies",
        "This file is @generated automatically"
    ],
    "content-hash": "937869f1e83fc6c4a766a4486c5d35cd",
    "packages": [
        {
            "name": "pureframework/pure-framework",
            "version": "v1.4.0",
            "source": {
                "type": "git",
                "url": "https://github.com/pureframework/pure-framework.git",
                "reference": "011a954d3a75bd8b5e312f673877aa976f8e16c0"
            },
            "dist": {
                "type": "zip",
                "url": "https://api.github.com/repos/pureframework/pure-framework/zipball/011a954d3a75bd8b5e312f673877aa976f8e16c0",
                "reference": "011a954d3a75bd8b5e312f673877aa976f8e16c0",
                "shasum": ""
            },
            "require": {
                "php": ">=8.1"
            },
            "require-dev": {
                "phpunit/phpunit": "10.5"
            },
            "bin": [
                "bin/pure-generate-classes",
                "bin/pure-new-site"
            ],
            "type": "library",
            "extra": {
                "branch-alias": {
                    "dev-main": "1.4.x-dev"
                }
            },
            "autoload": {
                "files": [
                    "src/helpers.php"
                ],
                "psr-4": {
                    "PureFramework\\": "src/"
                }
            },
            "notification-url": "https://packagist.org/downloads/",
            "license": [
                "MIT"
            ],
            "authors": [
                {
                    "name": "Jonathan Sharp"
                }
            ],
            "description": "Thin PHP framework: router, DB, forms, constraints, templates",
            "homepage": "https://github.com/pureframework/pure-framework",
            "keywords": [
                "Forms",
                "framework",
                "pdo",
                "php",
                "router",
                "templates",
                "validation"
            ],
            "support": {
                "issues": "https://github.com/pureframework/pure-framework/issues",
                "source": "https://github.com/pureframework/pure-framework"
            },
            "time": "2026-06-07T03:06:27+00:00"
        }
    ],
    "packages-dev": [],
    "aliases": [],
    "minimum-stability": "stable",
    "stability-flags": {},
    "prefer-stable": false,
    "prefer-lowest": false,
    "platform": {
        "php": ">=8.1"
    },
    "platform-dev": {},
    "plugin-api-version": "2.6.0"
}
